<Project xmlns="http://schemas.microsoft.com/developer/msbuild/2003">
    <PropertyGroup>
        <ProjectGuid>{6C7878D8-6267-4A54-9864-7C0E44D7B4E9}</ProjectGuid>
        <MainSource>SQL2PG.dpr</MainSource>
        <Base>True</Base>
        <Config Condition="'$(Config)'==''">Debug</Config>
        <TargetedPlatforms>3</TargetedPlatforms>
        <AppType>Application</AppType>
        <FrameworkType>VCL</FrameworkType>
        <ProjectVersion>20.4</ProjectVersion>
        <Platform Condition="'$(Platform)'==''">Win32</Platform>
        <ProjectName Condition="'$(ProjectName)'==''">SQL2PG</ProjectName>
    </PropertyGroup>
    <PropertyGroup Condition="'$(Base)'!=''">
        <DCC_Namespace>Vcl;System;Xml;Data;Datasnap;Web;Soap;Winapi;$(DCC_Namespace)</DCC_Namespace>
        <DCC_UnitSearchPath>$(DCC_UnitSearchPath)</DCC_UnitSearchPath>
        <DCC_UsePackage>rtl;dbrtl;FireDAC;FireDACCommon;FireDACCommonDriver;FireDACMSSQLDriver;FireDACPgDriver;$(DCC_UsePackage)</DCC_UsePackage>
        <DCC_Warnings>true</DCC_Warnings>
        <VerInfo_IncludeVerInfo>true</VerInfo_IncludeVerInfo>
        <VerInfo_Keys>CompanyName=Feta Bilgisayar Ltd. Şti;FileDescription=Gentegre SQL to PostgreSQL Migration Tool;FileVersion=1.0.0.0;InternalName=SQL2PG;LegalCopyright=Genyazılım;OriginalFilename=SQL2PG.exe;ProductName=SQL2PG;ProductVersion=1.0.0.0</VerInfo_Keys>
    </PropertyGroup>
    <PropertyGroup Condition="'$(Config)'=='Debug' or '$(Cfg_1)'!=''">
        <Cfg_1>true</Cfg_1>
        <CfgParent>Base</CfgParent>
        <Base>true</Base>
    </PropertyGroup>
    <PropertyGroup Condition="'$(Config)'=='Release' or '$(Cfg_2)'!=''">
        <Cfg_2>true</Cfg_2>
        <CfgParent>Base</CfgParent>
        <Base>true</Base>
    </PropertyGroup>
    <ItemGroup>
        <DelphiCompile Include="$(MainSource)">
            <MainSource>MainSource</MainSource>
        </DelphiCompile>
        <DCCReference Include="UMain.pas">
            <Form>FrmSQL2PG</Form>
        </DCCReference>
        <DCCReference Include="UTablo.pas">
            <Form>Tablo</Form>
            <DesignClass>TDataModule</DesignClass>
        </DCCReference>
        <DCCReference Include="USQL2PGMigrator.pas"/>
        <BuildConfiguration Include="Release">
            <Key>Cfg_2</Key>
            <CfgParent>Base</CfgParent>
        </BuildConfiguration>
        <BuildConfiguration Include="Debug">
            <Key>Cfg_1</Key>
            <CfgParent>Base</CfgParent>
        </BuildConfiguration>
    </ItemGroup>
    <Import Project="$(BDS)\Bin\CodeGear.Delphi.Targets" Condition="Exists('$(BDS)\Bin\CodeGear.Delphi.Targets')"/>
</Project>
